<?xml version="1.0" encoding="utf-8"?>
<Project ToolsVersion="4.0" xmlns="http://schemas.microsoft.com/developer/msbuild/2003">
  <ItemGroup>
    <Filter Include="소스 파일">
      <UniqueIdentifier>{4FC737F1-C7A5-4376-A066-2A32D752A2FF}</UniqueIdentifier>
      <Extensions>cpp;c;cc;cxx;c++;cppm;ixx;def;odl;idl;hpj;bat;asm;asmx</Extensions>
    </Filter>
    <Filter Include="헤더 파일">
      <UniqueIdentifier>{93995380-89BD-4b04-88EB-625FBE52EBFB}</UniqueIdentifier>
      <Extensions>h;hh;hpp;hxx;h++;hm;inl;inc;ipp;xsd</Extensions>
    </Filter>
    <Filter Include="리소스 파일">
      <UniqueIdentifier>{67DA6AB6-F800-4c08-8B7A-83BB121AAD01}</UniqueIdentifier>
      <Extensions>rc;ico;cur;bmp;dlg;rc2;rct;bin;rgs;gif;jpg;jpeg;jpe;resx;tiff;tif;png;wav;mfcribbon-ms</Extensions>
    </Filter>
    <Filter Include="소스 파일\Item">
      <UniqueIdentifier>{8988196a-4e5c-4e99-b320-05500c7e7f27}</UniqueIdentifier>
    </Filter>
    <Filter Include="헤더 파일\Item">
      <UniqueIdentifier>{2ff36e5c-cac5-435e-b9d1-884c08bd12bb}</UniqueIdentifier>
    </Filter>
    <Filter Include="소스 파일\Item\Mouse">
      <UniqueIdentifier>{b49921ac-362b-4d02-a19c-4233076b7f4c}</UniqueIdentifier>
    </Filter>
    <Filter Include="헤더 파일\Item\Mouse">
      <UniqueIdentifier>{283bbeff-b304-49bb-8641-e968d34b5e9c}</UniqueIdentifier>
    </Filter>
    <Filter Include="헤더 파일\Item\Engine">
      <UniqueIdentifier>{0ff87327-0523-4180-90de-34726eec1259}</UniqueIdentifier>
    </Filter>
    <Filter Include="소스 파일\Item\Engine">
      <UniqueIdentifier>{a589c184-7895-455e-a902-b032f90c9c55}</UniqueIdentifier>
    </Filter>
    <Filter Include="헤더 파일\Item\Keyboard">
      <UniqueIdentifier>{727e98c7-f85a-4c4b-9484-7c3f8628c042}</UniqueIdentifier>
    </Filter>
    <Filter Include="헤더 파일\Item\Glasses">
      <UniqueIdentifier>{4ab7306f-dceb-484b-a5c6-f6897980e8d8}</UniqueIdentifier>
    </Filter>
    <Filter Include="소스 파일\Item\Keyboard">
      <UniqueIdentifier>{9cba694d-8296-4424-9138-b80e15389fac}</UniqueIdentifier>
    </Filter>
    <Filter Include="소스 파일\Item\Glasses">
      <UniqueIdentifier>{dadb0884-0991-451b-b6da-487fad784edf}</UniqueIdentifier>
    </Filter>
    <Filter Include="소스 파일\Item\Headset">
      <UniqueIdentifier>{4ada049f-0919-4562-aeef-1912b117b1eb}</UniqueIdentifier>
    </Filter>
    <Filter Include="헤더 파일\Item\Headset">
      <UniqueIdentifier>{7a64c7ab-1331-4b87-9bb0-9f9f978f8e74}</UniqueIdentifier>
    </Filter>
  </ItemGroup>
  <ItemGroup>
    <ClCompile Include="Main.cpp">
      <Filter>소스 파일</Filter>
    </ClCompile>
    <ClCompile Include="Monster.cpp">
      <Filter>소스 파일</Filter>
    </ClCompile>
    <ClCompile Include="Player.cpp">
      <Filter>소스 파일</Filter>
    </ClCompile>
    <ClCompile Include="Battle_System.cpp">
      <Filter>소스 파일</Filter>
    </ClCompile>
    <ClCompile Include="Craft_Item.cpp">
      <Filter>소스 파일\Item</Filter>
    </ClCompile>
    <ClCompile Include="All_Recipes.cpp">
      <Filter>소스 파일\Item</Filter>
    </ClCompile>
    <ClCompile Include="Item.cpp">
      <Filter>소스 파일\Item</Filter>
    </ClCompile>
    <ClCompile Include="DungeonManager.cpp">
      <Filter>소스 파일</Filter>
    </ClCompile>
    <ClCompile Include="Character_Creator.cpp">
      <Filter>소스 파일</Filter>
    </ClCompile>
    <ClCompile Include="Console_Manager.cpp">
      <Filter>소스 파일</Filter>
    </ClCompile>
    <ClCompile Include="Game_Manager.cpp">
      <Filter>소스 파일</Filter>
    </ClCompile>
    <ClCompile Include="Intro.cpp">
      <Filter>소스 파일</Filter>
    </ClCompile>
    <ClCompile Include="Job_Selection.cpp">
      <Filter>소스 파일</Filter>
    </ClCompile>
    <ClCompile Include="Level_Up.cpp">
      <Filter>소스 파일</Filter>
    </ClCompile>
    <ClCompile Include="JYJ.cpp">
      <Filter>소스 파일</Filter>
    </ClCompile>
    <ClCompile Include="Battle_Elite_Skill.cpp">
      <Filter>소스 파일</Filter>
    </ClCompile>
    <ClCompile Include="Quiz_Bank.cpp">
      <Filter>소스 파일</Filter>
    </ClCompile>
    <ClCompile Include="Items_Equipments_Repository.cpp">
      <Filter>소스 파일</Filter>
    </ClCompile>
    <ClCompile Include="Equipment.cpp">
      <Filter>소스 파일\Item</Filter>
    </ClCompile>
    <ClCompile Include="Inventory.cpp">
      <Filter>소스 파일\Item</Filter>
    </ClCompile>
    <ClCompile Include="Level_1_Mouse.cpp">
      <Filter>소스 파일\Item\Mouse</Filter>
    </ClCompile>
    <ClCompile Include="Level_2_Mouse.cpp">
      <Filter>소스 파일\Item\Mouse</Filter>
    </ClCompile>
    <ClCompile Include="Level_3_Mouse.cpp">
      <Filter>소스 파일\Item\Mouse</Filter>
    </ClCompile>
    <ClCompile Include="Level_4_Mouse.cpp">
      <Filter>소스 파일\Item\Mouse</Filter>
    </ClCompile>
    <ClCompile Include="Level_5_Mouse.cpp">
      <Filter>소스 파일\Item\Mouse</Filter>
    </ClCompile>
    <ClCompile Include="Level_1_Engine.cpp">
      <Filter>소스 파일\Item\Engine</Filter>
    </ClCompile>
    <ClCompile Include="Level_1_Glasses.cpp">
      <Filter>소스 파일\Item\Glasses</Filter>
    </ClCompile>
    <ClCompile Include="Level_2_Engine.cpp">
      <Filter>소스 파일\Item\Engine</Filter>
    </ClCompile>
    <ClCompile Include="Level_2_Glasses.cpp">
      <Filter>소스 파일\Item\Glasses</Filter>
    </ClCompile>
    <ClCompile Include="Level_3_Engine.cpp">
      <Filter>소스 파일\Item\Engine</Filter>
    </ClCompile>
    <ClCompile Include="Level_3_Glasses.cpp">
      <Filter>소스 파일\Item\Glasses</Filter>
    </ClCompile>
    <ClCompile Include="Level_4_Engine.cpp">
      <Filter>소스 파일\Item\Engine</Filter>
    </ClCompile>
    <ClCompile Include="Level_4_Glasses.cpp">
      <Filter>소스 파일\Item\Glasses</Filter>
    </ClCompile>
    <ClCompile Include="Level_5_Engine.cpp">
      <Filter>소스 파일\Item\Engine</Filter>
    </ClCompile>
    <ClCompile Include="Level_5_Glasses.cpp">
      <Filter>소스 파일\Item\Glasses</Filter>
    </ClCompile>
    <ClCompile Include="Level_5_Keyboard.cpp">
      <Filter>소스 파일\Item\Keyboard</Filter>
    </ClCompile>
    <ClCompile Include="Level_1_Keyboard.cpp">
      <Filter>소스 파일\Item\Keyboard</Filter>
    </ClCompile>
    <ClCompile Include="Level_2_Keyboard.cpp">
      <Filter>소스 파일\Item\Keyboard</Filter>
    </ClCompile>
    <ClCompile Include="Level_3_Keyboard.cpp">
      <Filter>소스 파일\Item\Keyboard</Filter>
    </ClCompile>
    <ClCompile Include="Level_4_Keyboard.cpp">
      <Filter>소스 파일\Item\Keyboard</Filter>
    </ClCompile>
    <ClCompile Include="Level_1_Headset.cpp">
      <Filter>소스 파일\Item\Headset</Filter>
    </ClCompile>
    <ClCompile Include="Level_2_Headset.cpp">
      <Filter>소스 파일\Item\Headset</Filter>
    </ClCompile>
    <ClCompile Include="Level_3_Headset.cpp">
      <Filter>소스 파일\Item\Headset</Filter>
    </ClCompile>
    <ClCompile Include="Level_4_Headset.cpp">
      <Filter>소스 파일\Item\Headset</Filter>
    </ClCompile>
    <ClCompile Include="Level_5_Headset.cpp">
      <Filter>소스 파일\Item\Headset</Filter>
    </ClCompile>
    <ClCompile Include="Basic_Engine.cpp">
      <Filter>소스 파일</Filter>
    </ClCompile>
    <ClCompile Include="Camp_Manager.cpp">
      <Filter>소스 파일\Item</Filter>
    </ClCompile>
    <ClCompile Include="Recipe_Repository.cpp">
      <Filter>소스 파일\Item</Filter>
    </ClCompile>
  </ItemGroup>
  <ItemGroup>
    <ClInclude Include="Main.h">
      <Filter>헤더 파일</Filter>
    </ClInclude>
    <ClInclude Include="Player.h">
      <Filter>헤더 파일</Filter>
    </ClInclude>
    <ClInclude Include="Monster.h">
      <Filter>헤더 파일</Filter>
    </ClInclude>
    <ClInclude Include="Battle_System.h">
      <Filter>헤더 파일</Filter>
    </ClInclude>
    <ClInclude Include="All_Recipes.h">
      <Filter>헤더 파일\Item</Filter>
    </ClInclude>
    <ClInclude Include="Craft_Item.h">
      <Filter>헤더 파일\Item</Filter>
    </ClInclude>
    <ClInclude Include="DungeonManager.h">
      <Filter>헤더 파일</Filter>
    </ClInclude>
    <ClInclude Include="Character_Creator.h">
      <Filter>헤더 파일</Filter>
    </ClInclude>
    <ClInclude Include="Console_Manager.h">
      <Filter>헤더 파일</Filter>
    </ClInclude>
    <ClInclude Include="Game_Manager.h">
      <Filter>헤더 파일</Filter>
    </ClInclude>
    <ClInclude Include="Job_Selection.h">
      <Filter>헤더 파일</Filter>
    </ClInclude>
    <ClInclude Include="JYJ.h">
      <Filter>헤더 파일</Filter>
    </ClInclude>
    <ClInclude Include="Level_Up.h">
      <Filter>헤더 파일</Filter>
    </ClInclude>
    <ClInclude Include="Player_Stat_Index.h">
      <Filter>헤더 파일</Filter>
    </ClInclude>
    <ClInclude Include="Battle_Elite_Skill.h">
      <Filter>헤더 파일</Filter>
    </ClInclude>
    <ClInclude Include="Stat_Modifier.h">
      <Filter>헤더 파일</Filter>
    </ClInclude>
    <ClInclude Include="Quiz_Bank.h">
      <Filter>헤더 파일</Filter>
    </ClInclude>
    <ClInclude Include="Items_Equipments_Repository.h">
      <Filter>헤더 파일</Filter>
    </ClInclude>
    <ClInclude Include="Equipment.h">
      <Filter>헤더 파일\Item</Filter>
    </ClInclude>
    <ClInclude Include="Item.h">
      <Filter>헤더 파일\Item</Filter>
    </ClInclude>
    <ClInclude Include="Inventory.h">
      <Filter>헤더 파일\Item</Filter>
    </ClInclude>
    <ClInclude Include="Level_2_Mouse.h">
      <Filter>헤더 파일\Item\Mouse</Filter>
    </ClInclude>
    <ClInclude Include="Level_3_Mouse.h">
      <Filter>헤더 파일\Item\Mouse</Filter>
    </ClInclude>
    <ClInclude Include="Level_4_Mouse.h">
      <Filter>헤더 파일\Item\Mouse</Filter>
    </ClInclude>
    <ClInclude Include="Level_5_Mouse.h">
      <Filter>헤더 파일\Item\Mouse</Filter>
    </ClInclude>
    <ClInclude Include="Level_1_Mouse.h">
      <Filter>헤더 파일\Item\Mouse</Filter>
    </ClInclude>
    <ClInclude Include="Level_1_Engine.h">
      <Filter>헤더 파일\Item\Engine</Filter>
    </ClInclude>
    <ClInclude Include="Level_1_Glasses.h">
      <Filter>헤더 파일\Item\Glasses</Filter>
    </ClInclude>
    <ClInclude Include="Level_2_Engine.h">
      <Filter>헤더 파일\Item\Engine</Filter>
    </ClInclude>
    <ClInclude Include="Level_2_Glasses.h">
      <Filter>헤더 파일\Item\Glasses</Filter>
    </ClInclude>
    <ClInclude Include="Level_3_Engine.h">
      <Filter>헤더 파일\Item\Engine</Filter>
    </ClInclude>
    <ClInclude Include="Level_3_Glasses.h">
      <Filter>헤더 파일\Item\Glasses</Filter>
    </ClInclude>
    <ClInclude Include="Level_4_Engine.h">
      <Filter>헤더 파일\Item\Engine</Filter>
    </ClInclude>
    <ClInclude Include="Level_4_Glasses.h">
      <Filter>헤더 파일\Item\Glasses</Filter>
    </ClInclude>
    <ClInclude Include="Level_5_Engine.h">
      <Filter>헤더 파일\Item\Engine</Filter>
    </ClInclude>
    <ClInclude Include="Level_5_Glasses.h">
      <Filter>헤더 파일\Item\Glasses</Filter>
    </ClInclude>
    <ClInclude Include="Level_1_Keyboard.h">
      <Filter>헤더 파일\Item\Keyboard</Filter>
    </ClInclude>
    <ClInclude Include="Level_2_Keyboard.h">
      <Filter>헤더 파일\Item\Keyboard</Filter>
    </ClInclude>
    <ClInclude Include="Level_3_Keyboard.h">
      <Filter>헤더 파일\Item\Keyboard</Filter>
    </ClInclude>
    <ClInclude Include="Level_4_Keyboard.h">
      <Filter>헤더 파일\Item\Keyboard</Filter>
    </ClInclude>
    <ClInclude Include="Level_5_Keyboard.h">
      <Filter>헤더 파일\Item\Keyboard</Filter>
    </ClInclude>
    <ClInclude Include="Level_1_Headset.h">
      <Filter>헤더 파일\Item\Headset</Filter>
    </ClInclude>
    <ClInclude Include="Level_2_Headset.h">
      <Filter>헤더 파일\Item\Headset</Filter>
    </ClInclude>
    <ClInclude Include="Level_3_Headset.h">
      <Filter>헤더 파일\Item\Headset</Filter>
    </ClInclude>
    <ClInclude Include="Level_4_Headset.h">
      <Filter>헤더 파일\Item\Headset</Filter>
    </ClInclude>
    <ClInclude Include="Level_5_Headset.h">
      <Filter>헤더 파일\Item\Headset</Filter>
    </ClInclude>
    <ClInclude Include="Camp_Manager.h">
      <Filter>헤더 파일\Item</Filter>
    </ClInclude>
    <ClInclude Include="Recipe_Repository.h">
      <Filter>헤더 파일\Item</Filter>
    </ClInclude>
  </ItemGroup>
</Project>