<?xml version="1.0" encoding="utf-8"?>
<Project ToolsVersion="4.0" xmlns="http://schemas.microsoft.com/developer/msbuild/2003">
  <ItemGroup>
    <ClCompile Include="Basic_Sword.cpp" />
    <ClCompile Include="Battle_Elite_Skill.cpp" />
    <ClCompile Include="Character_Creator.cpp" />
    <ClCompile Include="Console_Manager.cpp" />
    <ClCompile Include="Craft_Item.cpp" />
    <ClCompile Include="Battle_System.cpp" />
    <ClCompile Include="Equipment.cpp" />
    <ClCompile Include="Game_Manager.cpp" />
    <ClCompile Include="Intro.cpp" />
    <ClCompile Include="Inventory.cpp" />
    <ClCompile Include="Item.cpp" />
    <ClCompile Include="Items_Equipments_Repository.cpp" />
    <ClCompile Include="Job_Selection.cpp" />
    <ClCompile Include="JYJ.cpp" />
    <ClCompile Include="Level_Up.cpp" />
    <ClCompile Include="Monster.cpp" />
    <ClCompile Include="Player.cpp" />
    <ClCompile Include="All_Recipes.cpp" />
    <ClCompile Include="DungeonManager.cpp" />
    <ClCompile Include="Quiz_Bank.cpp" />
  </ItemGroup>
  <ItemGroup>
    <ClInclude Include="Basic_Sword.h" />
    <ClInclude Include="Battle_Elite_Skill.h" />
    <ClInclude Include="Character_Creator.h" />
    <ClInclude Include="Console_Manager.h" />
    <ClInclude Include="Craft_Item.h" />
    <ClInclude Include="Battle_System.h" />
    <ClInclude Include="DungeonManager.h" />
    <ClInclude Include="Equipment.h" />
    <ClInclude Include="Game_Manager.h" />
    <ClInclude Include="Inventory.h" />
    <ClInclude Include="Item.h" />
    <ClInclude Include="Items_Equipments_Repository.h" />
    <ClInclude Include="Job_Selection.h" />
    <ClInclude Include="JYJ.h" />
    <ClInclude Include="Level_Up.h" />
    <ClInclude Include="Monster.h" />
    <ClInclude Include="Player.h" />
    <ClInclude Include="All_Recipes.h" />
    <ClInclude Include="Player_Stat_Index.h" />
    <ClInclude Include="Quiz_Bank.h" />
    <ClInclude Include="Stat_Modifier.h" />
  </ItemGroup>
</Project>